
Microsoft Visual Studio Solution File, Format Version 12.00
# Visual Studio Version 17
VisualStudioVersion = 17.14.36429.23 d17.14
MinimumVisualStudioVersion = 10.0.40219.1
Project("{FAE04EC0-301F-11D3-BF4B-00C04F79EFBC}") = "ProductApp", "ProductApp\ProductApp.csproj", "{71FF5D67-DCCF-4984-9829-AF87CE124B9B}"
EndProject
Project("{FAE04EC0-301F-11D3-BF4B-00C04F79EFBC}") = "ProductAppTests", "ProductAppTests\ProductAppTests.csproj", "{767E6856-58D0-411F-BF77-77AA0E54E0D4}"
EndProject
Global
	GlobalSection(SolutionConfigurationPlatforms) = preSolution
		Debug|Any CPU = Debug|Any CPU
		Release|Any CPU = Release|Any CPU
	EndGlobalSection
	GlobalSection(ProjectConfigurationPlatforms) = postSolution
		{71FF5D67-DCCF-4984-9829-AF87CE124B9B}.Debug|Any CPU.ActiveCfg = Debug|Any CPU
		{71FF5D67-DCCF-4984-9829-AF87CE124B9B}.Debug|Any CPU.Build.0 = Debug|Any CPU
		{71FF5D67-DCCF-4984-9829-AF87CE124B9B}.Release|Any CPU.ActiveCfg = Release|Any CPU
		{71FF5D67-DCCF-4984-9829-AF87CE124B9B}.Release|Any CPU.Build.0 = Release|Any CPU
		{767E6856-58D0-411F-BF77-77AA0E54E0D4}.Debug|Any CPU.ActiveCfg = Debug|Any CPU
		{767E6856-58D0-411F-BF77-77AA0E54E0D4}.Debug|Any CPU.Build.0 = Debug|Any CPU
		{767E6856-58D0-411F-BF77-77AA0E54E0D4}.Release|Any CPU.ActiveCfg = Release|Any CPU
		{767E6856-58D0-411F-BF77-77AA0E54E0D4}.Release|Any CPU.Build.0 = Release|Any CPU
	EndGlobalSection
	GlobalSection(SolutionProperties) = preSolution
		HideSolutionNode = FALSE
	EndGlobalSection
	GlobalSection(ExtensibilityGlobals) = postSolution
		SolutionGuid = {B039D675-E533-450B-8013-C489BB54C6F7}
	EndGlobalSection
EndGlobal
